<Solution>
  <Folder Name="/01/">
    <Project Path="NumberOddOrNot/NumberOddOrNot.csproj" Id="38a5f764-52c8-4afd-a68e-4df4ac8404d0" />
  </Folder>
  <Folder Name="/02/">
    <Project Path="Highest_Number/Highest_Number.csproj" Id="9139039e-adc4-4850-9527-1755765a3a65" />
  </Folder>
  <Folder Name="/03/">
    <Project Path="ORDERING_OF_THREE_NUMBERS/ORDERING_OF_THREE_NUMBERS.csproj" Id="4ede5a86-95a1-45d1-afa0-bf92666e4ee1" />
  </Folder>
  <Folder Name="/04/">
    <Project Path="IsMultipleOrAnother/IsMultipleOrAnother.csproj" Id="dd108af9-fdf4-4715-956d-bce53160eb22" />
  </Folder>
  <Folder Name="/05/">
    <Project Path="IsLeapYear/IsLeapYear.csproj" Id="7cd0b94f-5ac5-4f50-8231-0d7125100a70" />
  </Folder>
  <Folder Name="/06/">
    <Project Path="SimplePayroll/SimplePayroll.csproj" Id="5fa2876b-cad1-4ece-8883-b415a18936f0" />
  </Folder>
  <Folder Name="/Shared/">
    <Project Path="Shared/Shared.csproj" Id="e6119778-52f7-4232-a500-1bb3cda2d12c" />
  </Folder>
</Solution>
